Microsoft Visual Studio Solution File, Format Version 12.00
# Visual Studio Version 17
VisualStudioVersion = 17.5.2.0
MinimumVisualStudioVersion = 10.0.40219.1
Project("{FAE04EC0-301F-11D3-BF4B-00C04F79EFBC}") = "Apple.CryptoKit.Tests", "tests\Apple.CryptoKit.Tests.csproj", "{D2B0DBAA-7072-71C8-D8E7-6B8B49A782F2}"
EndProject
Project("{FAE04EC0-301F-11D3-BF4B-00C04F79EFBC}") = "Apple.CryptoKit", "src\Apple.CryptoKit.csproj", "{6441D63F-3409-78FA-C576-E619A926EE06}"
EndProject
Global
	GlobalSection(SolutionConfigurationPlatforms) = preSolution
		Debug|Any CPU = Debug|Any CPU
		Release|Any CPU = Release|Any CPU
	EndGlobalSection
	GlobalSection(ProjectConfigurationPlatforms) = postSolution
		{D2B0DBAA-7072-71C8-D8E7-6B8B49A782F2}.Debug|Any CPU.ActiveCfg = Debug|Any CPU
		{D2B0DBAA-7072-71C8-D8E7-6B8B49A782F2}.Debug|Any CPU.Build.0 = Debug|Any CPU
		{D2B0DBAA-7072-71C8-D8E7-6B8B49A782F2}.Release|Any CPU.ActiveCfg = Release|Any CPU
		{D2B0DBAA-7072-71C8-D8E7-6B8B49A782F2}.Release|Any CPU.Build.0 = Release|Any CPU
		{6441D63F-3409-78FA-C576-E619A926EE06}.Debug|Any CPU.ActiveCfg = Debug|Any CPU
		{6441D63F-3409-78FA-C576-E619A926EE06}.Debug|Any CPU.Build.0 = Debug|Any CPU
		{6441D63F-3409-78FA-C576-E619A926EE06}.Release|Any CPU.ActiveCfg = Release|Any CPU
		{6441D63F-3409-78FA-C576-E619A926EE06}.Release|Any CPU.Build.0 = Release|Any CPU
	EndGlobalSection
	GlobalSection(SolutionProperties) = preSolution
		HideSolutionNode = FALSE
	EndGlobalSection
	GlobalSection(ExtensibilityGlobals) = postSolution
		SolutionGuid = {EC92D34D-FCBA-4EE4-9156-107365278558}
	EndGlobalSection
EndGlobal
